
Microsoft Visual Studio Solution File, Format Version 12.00
# Visual Studio 15
VisualStudioVersion = 15.0.33801.198
MinimumVisualStudioVersion = 10.0.40219.1
Project("{2150E333-8FDC-42A3-9474-1A3956D46DE8}") = "Csharp", "Csharp", "{9C23AAAA-9125-41D6-B61F-C02E2B193A4B}"
EndProject
Project("{9A19103F-16F7-4668-BE54-9A1E7A4F7556}") = "AnnotationImportExportTest", "AnnotationImportExportTest\CS\AnnotationImportExportTest.csproj", "{34E09E83-24A8-4CB3-9CD6-3433B15FE06C}"
EndProject
Project("{9A19103F-16F7-4668-BE54-9A1E7A4F7556}") = "AnnotationTest", "AnnotationTest\CS\AnnotationTest.csproj", "{E357091A-B60A-47ED-B2A8-1AC0F6016DF8}"
EndProject
Project("{9A19103F-16F7-4668-BE54-9A1E7A4F7556}") = "BackgroundTest", "BackgroundTest\CS\BackgroundTest.csproj", "{1241CD27-B5FB-4F8C-9C6A-CC621165586C}"
EndProject
Project("{9A19103F-16F7-4668-BE54-9A1E7A4F7556}") = "BatesTest", "BatesTest\CS\BatesTest.csproj", "{C0113241-0D21-44FD-800B-43898AFF00CD}"
EndProject
Project("{9A19103F-16F7-4668-BE54-9A1E7A4F7556}") = "BookmarkTest", "BookmarkTest\CS\BookmarkTest.csproj", "{038634ED-2684-436D-B2D1-4782398F7DEE}"
EndProject
Project("{9A19103F-16F7-4668-BE54-9A1E7A4F7556}") = "DigitalSignatureTest", "DigitalSignatureTest\CS\DigitalSignatureTest.csproj", "{0017FE7E-0A45-4AC8-917E-54C2C489D802}"
EndProject
Project("{9A19103F-16F7-4668-BE54-9A1E7A4F7556}") = "DocumentInfoTest", "DocumentInfoTest\CS\DocumentInfoTest.csproj", "{D291592C-D203-45AB-8506-1FFF3C7505EF}"
EndProject
Project("{9A19103F-16F7-4668-BE54-9A1E7A4F7556}") = "EncryptTest", "EncryptTest\CS\EncryptTest.csproj", "{F8F0BFCF-3FEA-4C84-A0B5-AFD58571FE44}"
EndProject
Project("{9A19103F-16F7-4668-BE54-9A1E7A4F7556}") = "FlattenTest", "FlattenTest\CS\FlattenTest.csproj", "{2C1AE868-B1EE-4FD2-B103-5410003A3D72}"
EndProject
Project("{9A19103F-16F7-4668-BE54-9A1E7A4F7556}") = "HeaderFooterTest", "HeaderFooterTest\CS\HeaderFooterTest.csproj", "{45F3D3AE-343F-408F-8292-06282DF852E6}"
EndProject
Project("{9A19103F-16F7-4668-BE54-9A1E7A4F7556}") = "ImageExtractTest", "ImageExtractTest\CS\ImageExtractTest.csproj", "{99BBE8AC-A0BA-422D-8658-EE0881BC4FA4}"
EndProject
Project("{9A19103F-16F7-4668-BE54-9A1E7A4F7556}") = "InteractiveFormsTest", "InteractiveFormsTest\CS\InteractiveFormsTest.csproj", "{3FC97B19-EA71-482B-9E7F-122314501E23}"
EndProject
Project("{9A19103F-16F7-4668-BE54-9A1E7A4F7556}") = "OutlineTest", "OutlineTest\CS\OutlineTest.csproj", "{3E09FCA7-92AE-46D1-9CC0-C892C2B25E64}"
EndProject
Project("{9A19103F-16F7-4668-BE54-9A1E7A4F7556}") = "PDFATest", "PDFATest\CS\PDFATest.csproj", "{00C7A5FA-CD04-478E-8917-49AEE8DEBAD7}"
EndProject
Project("{9A19103F-16F7-4668-BE54-9A1E7A4F7556}") = "PDFPageTest", "PDFPageTest\CS\PDFPageTest.csproj", "{6682B2B8-D070-4E25-9113-C9CFC87F0C40}"
EndProject
Project("{9A19103F-16F7-4668-BE54-9A1E7A4F7556}") = "PDFRedactTest", "PDFRedactTest\CS\PDFRedactTest.csproj", "{2BDFF1A9-D710-4C23-BA11-C41EB06E80F9}"
EndProject
Project("{9A19103F-16F7-4668-BE54-9A1E7A4F7556}") = "StreamLoadTest", "StreamLoadTest\StreamLoadTest.csproj", "{5A7AA14C-9716-482C-A83A-0E43552D9226}"
EndProject
Project("{9A19103F-16F7-4668-BE54-9A1E7A4F7556}") = "TextExtractTest", "TextExtractTest\CS\TextExtractTest.csproj", "{926E7983-D6AF-46CD-A892-284518D97688}"
EndProject
Project("{9A19103F-16F7-4668-BE54-9A1E7A4F7556}") = "TextSearchTest", "TextSearchTest\CS\TextSearchTest.csproj", "{3805A5D6-4CD3-4D78-8276-B29A8ECB0C7F}"
EndProject
Project("{9A19103F-16F7-4668-BE54-9A1E7A4F7556}") = "UrlLoadTest", "UrlLoadTest\UrlLoadTest.csproj", "{3B67C8CA-B179-442B-8A65-90BF82F0E1A3}"
EndProject
Project("{9A19103F-16F7-4668-BE54-9A1E7A4F7556}") = "WatermarkTest", "WatermarkTest\CS\WatermarkTest.csproj", "{B66BD746-1CA7-49CD-8724-20E3F624BA69}"
EndProject
Project("{9A19103F-16F7-4668-BE54-9A1E7A4F7556}") = "PDFToImageTest", "PDFToImageTest\CS\PDFToImageTest.csproj", "{685DD86E-526A-4C37-B4CC-51BDCCE1B74B}"
EndProject
Global
	GlobalSection(SolutionConfigurationPlatforms) = preSolution
		Debug|Any CPU = Debug|Any CPU
		Debug|x64 = Debug|x64
		Release|Any CPU = Release|Any CPU
		Release|x64 = Release|x64
	EndGlobalSection
	GlobalSection(ProjectConfigurationPlatforms) = postSolution
		{34E09E83-24A8-4CB3-9CD6-3433B15FE06C}.Debug|Any CPU.ActiveCfg = Debug|Any CPU
		{34E09E83-24A8-4CB3-9CD6-3433B15FE06C}.Debug|Any CPU.Build.0 = Debug|Any CPU
		{34E09E83-24A8-4CB3-9CD6-3433B15FE06C}.Debug|x64.ActiveCfg = Debug|x64
		{34E09E83-24A8-4CB3-9CD6-3433B15FE06C}.Debug|x64.Build.0 = Debug|x64
		{34E09E83-24A8-4CB3-9CD6-3433B15FE06C}.Release|Any CPU.ActiveCfg = Release|Any CPU
		{34E09E83-24A8-4CB3-9CD6-3433B15FE06C}.Release|Any CPU.Build.0 = Release|Any CPU
		{34E09E83-24A8-4CB3-9CD6-3433B15FE06C}.Release|x64.ActiveCfg = Release|x64
		{34E09E83-24A8-4CB3-9CD6-3433B15FE06C}.Release|x64.Build.0 = Release|x64
		{E357091A-B60A-47ED-B2A8-1AC0F6016DF8}.Debug|Any CPU.ActiveCfg = Debug|Any CPU
		{E357091A-B60A-47ED-B2A8-1AC0F6016DF8}.Debug|Any CPU.Build.0 = Debug|Any CPU
		{E357091A-B60A-47ED-B2A8-1AC0F6016DF8}.Debug|x64.ActiveCfg = Debug|x64
		{E357091A-B60A-47ED-B2A8-1AC0F6016DF8}.Debug|x64.Build.0 = Debug|x64
		{E357091A-B60A-47ED-B2A8-1AC0F6016DF8}.Release|Any CPU.ActiveCfg = Release|Any CPU
		{E357091A-B60A-47ED-B2A8-1AC0F6016DF8}.Release|Any CPU.Build.0 = Release|Any CPU
		{E357091A-B60A-47ED-B2A8-1AC0F6016DF8}.Release|x64.ActiveCfg = Release|x64
		{E357091A-B60A-47ED-B2A8-1AC0F6016DF8}.Release|x64.Build.0 = Release|x64
		{1241CD27-B5FB-4F8C-9C6A-CC621165586C}.Debug|Any CPU.ActiveCfg = Debug|Any CPU
		{1241CD27-B5FB-4F8C-9C6A-CC621165586C}.Debug|Any CPU.Build.0 = Debug|Any CPU
		{1241CD27-B5FB-4F8C-9C6A-CC621165586C}.Debug|x64.ActiveCfg = Debug|x64
		{1241CD27-B5FB-4F8C-9C6A-CC621165586C}.Debug|x64.Build.0 = Debug|x64
		{1241CD27-B5FB-4F8C-9C6A-CC621165586C}.Release|Any CPU.ActiveCfg = Release|Any CPU
		{1241CD27-B5FB-4F8C-9C6A-CC621165586C}.Release|Any CPU.Build.0 = Release|Any CPU
		{1241CD27-B5FB-4F8C-9C6A-CC621165586C}.Release|x64.ActiveCfg = Release|x64
		{1241CD27-B5FB-4F8C-9C6A-CC621165586C}.Release|x64.Build.0 = Release|x64
		{C0113241-0D21-44FD-800B-43898AFF00CD}.Debug|Any CPU.ActiveCfg = Debug|Any CPU
		{C0113241-0D21-44FD-800B-43898AFF00CD}.Debug|Any CPU.Build.0 = Debug|Any CPU
		{C0113241-0D21-44FD-800B-43898AFF00CD}.Debug|x64.ActiveCfg = Debug|x64
		{C0113241-0D21-44FD-800B-43898AFF00CD}.Debug|x64.Build.0 = Debug|x64
		{C0113241-0D21-44FD-800B-43898AFF00CD}.Release|Any CPU.ActiveCfg = Release|Any CPU
		{C0113241-0D21-44FD-800B-43898AFF00CD}.Release|Any CPU.Build.0 = Release|Any CPU
		{C0113241-0D21-44FD-800B-43898AFF00CD}.Release|x64.ActiveCfg = Release|x64
		{C0113241-0D21-44FD-800B-43898AFF00CD}.Release|x64.Build.0 = Release|x64
		{038634ED-2684-436D-B2D1-4782398F7DEE}.Debug|Any CPU.ActiveCfg = Debug|Any CPU
		{038634ED-2684-436D-B2D1-4782398F7DEE}.Debug|Any CPU.Build.0 = Debug|Any CPU
		{038634ED-2684-436D-B2D1-4782398F7DEE}.Debug|x64.ActiveCfg = Debug|x64
		{038634ED-2684-436D-B2D1-4782398F7DEE}.Debug|x64.Build.0 = Debug|x64
		{038634ED-2684-436D-B2D1-4782398F7DEE}.Release|Any CPU.ActiveCfg = Release|Any CPU
		{038634ED-2684-436D-B2D1-4782398F7DEE}.Release|Any CPU.Build.0 = Release|Any CPU
		{038634ED-2684-436D-B2D1-4782398F7DEE}.Release|x64.ActiveCfg = Release|x64
		{038634ED-2684-436D-B2D1-4782398F7DEE}.Release|x64.Build.0 = Release|x64
		{0017FE7E-0A45-4AC8-917E-54C2C489D802}.Debug|Any CPU.ActiveCfg = Debug|Any CPU
		{0017FE7E-0A45-4AC8-917E-54C2C489D802}.Debug|Any CPU.Build.0 = Debug|Any CPU
		{0017FE7E-0A45-4AC8-917E-54C2C489D802}.Debug|x64.ActiveCfg = Debug|x64
		{0017FE7E-0A45-4AC8-917E-54C2C489D802}.Debug|x64.Build.0 = Debug|x64
		{0017FE7E-0A45-4AC8-917E-54C2C489D802}.Release|Any CPU.ActiveCfg = Release|Any CPU
		{0017FE7E-0A45-4AC8-917E-54C2C489D802}.Release|Any CPU.Build.0 = Release|Any CPU
		{0017FE7E-0A45-4AC8-917E-54C2C489D802}.Release|x64.ActiveCfg = Release|x64
		{0017FE7E-0A45-4AC8-917E-54C2C489D802}.Release|x64.Build.0 = Release|x64
		{D291592C-D203-45AB-8506-1FFF3C7505EF}.Debug|Any CPU.ActiveCfg = Debug|Any CPU
		{D291592C-D203-45AB-8506-1FFF3C7505EF}.Debug|Any CPU.Build.0 = Debug|Any CPU
		{D291592C-D203-45AB-8506-1FFF3C7505EF}.Debug|x64.ActiveCfg = Debug|x64
		{D291592C-D203-45AB-8506-1FFF3C7505EF}.Debug|x64.Build.0 = Debug|x64
		{D291592C-D203-45AB-8506-1FFF3C7505EF}.Release|Any CPU.ActiveCfg = Release|Any CPU
		{D291592C-D203-45AB-8506-1FFF3C7505EF}.Release|Any CPU.Build.0 = Release|Any CPU
		{D291592C-D203-45AB-8506-1FFF3C7505EF}.Release|x64.ActiveCfg = Release|x64
		{D291592C-D203-45AB-8506-1FFF3C7505EF}.Release|x64.Build.0 = Release|x64
		{F8F0BFCF-3FEA-4C84-A0B5-AFD58571FE44}.Debug|Any CPU.ActiveCfg = Debug|Any CPU
		{F8F0BFCF-3FEA-4C84-A0B5-AFD58571FE44}.Debug|Any CPU.Build.0 = Debug|Any CPU
		{F8F0BFCF-3FEA-4C84-A0B5-AFD58571FE44}.Debug|x64.ActiveCfg = Debug|x64
		{F8F0BFCF-3FEA-4C84-A0B5-AFD58571FE44}.Debug|x64.Build.0 = Debug|x64
		{F8F0BFCF-3FEA-4C84-A0B5-AFD58571FE44}.Release|Any CPU.ActiveCfg = Release|Any CPU
		{F8F0BFCF-3FEA-4C84-A0B5-AFD58571FE44}.Release|Any CPU.Build.0 = Release|Any CPU
		{F8F0BFCF-3FEA-4C84-A0B5-AFD58571FE44}.Release|x64.ActiveCfg = Release|x64
		{F8F0BFCF-3FEA-4C84-A0B5-AFD58571FE44}.Release|x64.Build.0 = Release|x64
		{2C1AE868-B1EE-4FD2-B103-5410003A3D72}.Debug|Any CPU.ActiveCfg = Debug|Any CPU
		{2C1AE868-B1EE-4FD2-B103-5410003A3D72}.Debug|Any CPU.Build.0 = Debug|Any CPU
		{2C1AE868-B1EE-4FD2-B103-5410003A3D72}.Debug|x64.ActiveCfg = Debug|x64
		{2C1AE868-B1EE-4FD2-B103-5410003A3D72}.Debug|x64.Build.0 = Debug|x64
		{2C1AE868-B1EE-4FD2-B103-5410003A3D72}.Release|Any CPU.ActiveCfg = Release|Any CPU
		{2C1AE868-B1EE-4FD2-B103-5410003A3D72}.Release|Any CPU.Build.0 = Release|Any CPU
		{2C1AE868-B1EE-4FD2-B103-5410003A3D72}.Release|x64.ActiveCfg = Release|x64
		{2C1AE868-B1EE-4FD2-B103-5410003A3D72}.Release|x64.Build.0 = Release|x64
		{45F3D3AE-343F-408F-8292-06282DF852E6}.Debug|Any CPU.ActiveCfg = Debug|Any CPU
		{45F3D3AE-343F-408F-8292-06282DF852E6}.Debug|Any CPU.Build.0 = Debug|Any CPU
		{45F3D3AE-343F-408F-8292-06282DF852E6}.Debug|x64.ActiveCfg = Debug|x64
		{45F3D3AE-343F-408F-8292-06282DF852E6}.Debug|x64.Build.0 = Debug|x64
		{45F3D3AE-343F-408F-8292-06282DF852E6}.Release|Any CPU.ActiveCfg = Release|Any CPU
		{45F3D3AE-343F-408F-8292-06282DF852E6}.Release|Any CPU.Build.0 = Release|Any CPU
		{45F3D3AE-343F-408F-8292-06282DF852E6}.Release|x64.ActiveCfg = Release|x64
		{45F3D3AE-343F-408F-8292-06282DF852E6}.Release|x64.Build.0 = Release|x64
		{99BBE8AC-A0BA-422D-8658-EE0881BC4FA4}.Debug|Any CPU.ActiveCfg = Debug|Any CPU
		{99BBE8AC-A0BA-422D-8658-EE0881BC4FA4}.Debug|Any CPU.Build.0 = Debug|Any CPU
		{99BBE8AC-A0BA-422D-8658-EE0881BC4FA4}.Debug|x64.ActiveCfg = Debug|x64
		{99BBE8AC-A0BA-422D-8658-EE0881BC4FA4}.Debug|x64.Build.0 = Debug|x64
		{99BBE8AC-A0BA-422D-8658-EE0881BC4FA4}.Release|Any CPU.ActiveCfg = Release|Any CPU
		{99BBE8AC-A0BA-422D-8658-EE0881BC4FA4}.Release|Any CPU.Build.0 = Release|Any CPU
		{99BBE8AC-A0BA-422D-8658-EE0881BC4FA4}.Release|x64.ActiveCfg = Release|x64
		{99BBE8AC-A0BA-422D-8658-EE0881BC4FA4}.Release|x64.Build.0 = Release|x64
		{3FC97B19-EA71-482B-9E7F-122314501E23}.Debug|Any CPU.ActiveCfg = Debug|Any CPU
		{3FC97B19-EA71-482B-9E7F-122314501E23}.Debug|Any CPU.Build.0 = Debug|Any CPU
		{3FC97B19-EA71-482B-9E7F-122314501E23}.Debug|x64.ActiveCfg = Debug|x64
		{3FC97B19-EA71-482B-9E7F-122314501E23}.Debug|x64.Build.0 = Debug|x64
		{3FC97B19-EA71-482B-9E7F-122314501E23}.Release|Any CPU.ActiveCfg = Release|Any CPU
		{3FC97B19-EA71-482B-9E7F-122314501E23}.Release|Any CPU.Build.0 = Release|Any CPU
		{3FC97B19-EA71-482B-9E7F-122314501E23}.Release|x64.ActiveCfg = Release|x64
		{3FC97B19-EA71-482B-9E7F-122314501E23}.Release|x64.Build.0 = Release|x64
		{3E09FCA7-92AE-46D1-9CC0-C892C2B25E64}.Debug|Any CPU.ActiveCfg = Debug|Any CPU
		{3E09FCA7-92AE-46D1-9CC0-C892C2B25E64}.Debug|Any CPU.Build.0 = Debug|Any CPU
		{3E09FCA7-92AE-46D1-9CC0-C892C2B25E64}.Debug|x64.ActiveCfg = Debug|x64
		{3E09FCA7-92AE-46D1-9CC0-C892C2B25E64}.Debug|x64.Build.0 = Debug|x64
		{3E09FCA7-92AE-46D1-9CC0-C892C2B25E64}.Release|Any CPU.ActiveCfg = Release|Any CPU
		{3E09FCA7-92AE-46D1-9CC0-C892C2B25E64}.Release|Any CPU.Build.0 = Release|Any CPU
		{3E09FCA7-92AE-46D1-9CC0-C892C2B25E64}.Release|x64.ActiveCfg = Release|x64
		{3E09FCA7-92AE-46D1-9CC0-C892C2B25E64}.Release|x64.Build.0 = Release|x64
		{00C7A5FA-CD04-478E-8917-49AEE8DEBAD7}.Debug|Any CPU.ActiveCfg = Debug|Any CPU
		{00C7A5FA-CD04-478E-8917-49AEE8DEBAD7}.Debug|Any CPU.Build.0 = Debug|Any CPU
		{00C7A5FA-CD04-478E-8917-49AEE8DEBAD7}.Debug|x64.ActiveCfg = Debug|x64
		{00C7A5FA-CD04-478E-8917-49AEE8DEBAD7}.Debug|x64.Build.0 = Debug|x64
		{00C7A5FA-CD04-478E-8917-49AEE8DEBAD7}.Release|Any CPU.ActiveCfg = Release|Any CPU
		{00C7A5FA-CD04-478E-8917-49AEE8DEBAD7}.Release|Any CPU.Build.0 = Release|Any CPU
		{00C7A5FA-CD04-478E-8917-49AEE8DEBAD7}.Release|x64.ActiveCfg = Release|x64
		{00C7A5FA-CD04-478E-8917-49AEE8DEBAD7}.Release|x64.Build.0 = Release|x64
		{6682B2B8-D070-4E25-9113-C9CFC87F0C40}.Debug|Any CPU.ActiveCfg = Debug|Any CPU
		{6682B2B8-D070-4E25-9113-C9CFC87F0C40}.Debug|Any CPU.Build.0 = Debug|Any CPU
		{6682B2B8-D070-4E25-9113-C9CFC87F0C40}.Debug|x64.ActiveCfg = Debug|x64
		{6682B2B8-D070-4E25-9113-C9CFC87F0C40}.Debug|x64.Build.0 = Debug|x64
		{6682B2B8-D070-4E25-9113-C9CFC87F0C40}.Release|Any CPU.ActiveCfg = Release|Any CPU
		{6682B2B8-D070-4E25-9113-C9CFC87F0C40}.Release|Any CPU.Build.0 = Release|Any CPU
		{6682B2B8-D070-4E25-9113-C9CFC87F0C40}.Release|x64.ActiveCfg = Release|x64
		{6682B2B8-D070-4E25-9113-C9CFC87F0C40}.Release|x64.Build.0 = Release|x64
		{2BDFF1A9-D710-4C23-BA11-C41EB06E80F9}.Debug|Any CPU.ActiveCfg = Debug|Any CPU
		{2BDFF1A9-D710-4C23-BA11-C41EB06E80F9}.Debug|Any CPU.Build.0 = Debug|Any CPU
		{2BDFF1A9-D710-4C23-BA11-C41EB06E80F9}.Debug|x64.ActiveCfg = Debug|x64
		{2BDFF1A9-D710-4C23-BA11-C41EB06E80F9}.Debug|x64.Build.0 = Debug|x64
		{2BDFF1A9-D710-4C23-BA11-C41EB06E80F9}.Release|Any CPU.ActiveCfg = Release|Any CPU
		{2BDFF1A9-D710-4C23-BA11-C41EB06E80F9}.Release|Any CPU.Build.0 = Release|Any CPU
		{2BDFF1A9-D710-4C23-BA11-C41EB06E80F9}.Release|x64.ActiveCfg = Release|x64
		{2BDFF1A9-D710-4C23-BA11-C41EB06E80F9}.Release|x64.Build.0 = Release|x64
		{5A7AA14C-9716-482C-A83A-0E43552D9226}.Debug|Any CPU.ActiveCfg = Debug|Any CPU
		{5A7AA14C-9716-482C-A83A-0E43552D9226}.Debug|Any CPU.Build.0 = Debug|Any CPU
		{5A7AA14C-9716-482C-A83A-0E43552D9226}.Debug|x64.ActiveCfg = Debug|Any CPU
		{5A7AA14C-9716-482C-A83A-0E43552D9226}.Debug|x64.Build.0 = Debug|Any CPU
		{5A7AA14C-9716-482C-A83A-0E43552D9226}.Release|Any CPU.ActiveCfg = Release|Any CPU
		{5A7AA14C-9716-482C-A83A-0E43552D9226}.Release|Any CPU.Build.0 = Release|Any CPU
		{5A7AA14C-9716-482C-A83A-0E43552D9226}.Release|x64.ActiveCfg = Release|Any CPU
		{5A7AA14C-9716-482C-A83A-0E43552D9226}.Release|x64.Build.0 = Release|Any CPU
		{926E7983-D6AF-46CD-A892-284518D97688}.Debug|Any CPU.ActiveCfg = Debug|Any CPU
		{926E7983-D6AF-46CD-A892-284518D97688}.Debug|Any CPU.Build.0 = Debug|Any CPU
		{926E7983-D6AF-46CD-A892-284518D97688}.Debug|x64.ActiveCfg = Debug|x64
		{926E7983-D6AF-46CD-A892-284518D97688}.Debug|x64.Build.0 = Debug|x64
		{926E7983-D6AF-46CD-A892-284518D97688}.Release|Any CPU.ActiveCfg = Release|Any CPU
		{926E7983-D6AF-46CD-A892-284518D97688}.Release|Any CPU.Build.0 = Release|Any CPU
		{926E7983-D6AF-46CD-A892-284518D97688}.Release|x64.ActiveCfg = Release|x64
		{926E7983-D6AF-46CD-A892-284518D97688}.Release|x64.Build.0 = Release|x64
		{3805A5D6-4CD3-4D78-8276-B29A8ECB0C7F}.Debug|Any CPU.ActiveCfg = Debug|Any CPU
		{3805A5D6-4CD3-4D78-8276-B29A8ECB0C7F}.Debug|Any CPU.Build.0 = Debug|Any CPU
		{3805A5D6-4CD3-4D78-8276-B29A8ECB0C7F}.Debug|x64.ActiveCfg = Debug|x64
		{3805A5D6-4CD3-4D78-8276-B29A8ECB0C7F}.Debug|x64.Build.0 = Debug|x64
		{3805A5D6-4CD3-4D78-8276-B29A8ECB0C7F}.Release|Any CPU.ActiveCfg = Release|Any CPU
		{3805A5D6-4CD3-4D78-8276-B29A8ECB0C7F}.Release|Any CPU.Build.0 = Release|Any CPU
		{3805A5D6-4CD3-4D78-8276-B29A8ECB0C7F}.Release|x64.ActiveCfg = Release|x64
		{3805A5D6-4CD3-4D78-8276-B29A8ECB0C7F}.Release|x64.Build.0 = Release|x64
		{3B67C8CA-B179-442B-8A65-90BF82F0E1A3}.Debug|Any CPU.ActiveCfg = Debug|Any CPU
		{3B67C8CA-B179-442B-8A65-90BF82F0E1A3}.Debug|Any CPU.Build.0 = Debug|Any CPU
		{3B67C8CA-B179-442B-8A65-90BF82F0E1A3}.Debug|x64.ActiveCfg = Debug|Any CPU
		{3B67C8CA-B179-442B-8A65-90BF82F0E1A3}.Debug|x64.Build.0 = Debug|Any CPU
		{3B67C8CA-B179-442B-8A65-90BF82F0E1A3}.Release|Any CPU.ActiveCfg = Release|Any CPU
		{3B67C8CA-B179-442B-8A65-90BF82F0E1A3}.Release|Any CPU.Build.0 = Release|Any CPU
		{3B67C8CA-B179-442B-8A65-90BF82F0E1A3}.Release|x64.ActiveCfg = Release|Any CPU
		{3B67C8CA-B179-442B-8A65-90BF82F0E1A3}.Release|x64.Build.0 = Release|Any CPU
		{B66BD746-1CA7-49CD-8724-20E3F624BA69}.Debug|Any CPU.ActiveCfg = Debug|Any CPU
		{B66BD746-1CA7-49CD-8724-20E3F624BA69}.Debug|Any CPU.Build.0 = Debug|Any CPU
		{B66BD746-1CA7-49CD-8724-20E3F624BA69}.Debug|x64.ActiveCfg = Debug|Any CPU
		{B66BD746-1CA7-49CD-8724-20E3F624BA69}.Debug|x64.Build.0 = Debug|Any CPU
		{B66BD746-1CA7-49CD-8724-20E3F624BA69}.Release|Any CPU.ActiveCfg = Release|Any CPU
		{B66BD746-1CA7-49CD-8724-20E3F624BA69}.Release|Any CPU.Build.0 = Release|Any CPU
		{B66BD746-1CA7-49CD-8724-20E3F624BA69}.Release|x64.ActiveCfg = Release|Any CPU
		{B66BD746-1CA7-49CD-8724-20E3F624BA69}.Release|x64.Build.0 = Release|Any CPU
		{685DD86E-526A-4C37-B4CC-51BDCCE1B74B}.Debug|Any CPU.ActiveCfg = Debug|Any CPU
		{685DD86E-526A-4C37-B4CC-51BDCCE1B74B}.Debug|Any CPU.Build.0 = Debug|Any CPU
		{685DD86E-526A-4C37-B4CC-51BDCCE1B74B}.Debug|x64.ActiveCfg = Debug|Any CPU
		{685DD86E-526A-4C37-B4CC-51BDCCE1B74B}.Debug|x64.Build.0 = Debug|Any CPU
		{685DD86E-526A-4C37-B4CC-51BDCCE1B74B}.Release|Any CPU.ActiveCfg = Release|Any CPU
		{685DD86E-526A-4C37-B4CC-51BDCCE1B74B}.Release|Any CPU.Build.0 = Release|Any CPU
		{685DD86E-526A-4C37-B4CC-51BDCCE1B74B}.Release|x64.ActiveCfg = Release|Any CPU
		{685DD86E-526A-4C37-B4CC-51BDCCE1B74B}.Release|x64.Build.0 = Release|Any CPU
	EndGlobalSection
	GlobalSection(SolutionProperties) = preSolution
		HideSolutionNode = FALSE
	EndGlobalSection
	GlobalSection(NestedProjects) = preSolution
		{34E09E83-24A8-4CB3-9CD6-3433B15FE06C} = {9C23AAAA-9125-41D6-B61F-C02E2B193A4B}
		{E357091A-B60A-47ED-B2A8-1AC0F6016DF8} = {9C23AAAA-9125-41D6-B61F-C02E2B193A4B}
		{1241CD27-B5FB-4F8C-9C6A-CC621165586C} = {9C23AAAA-9125-41D6-B61F-C02E2B193A4B}
		{C0113241-0D21-44FD-800B-43898AFF00CD} = {9C23AAAA-9125-41D6-B61F-C02E2B193A4B}
		{038634ED-2684-436D-B2D1-4782398F7DEE} = {9C23AAAA-9125-41D6-B61F-C02E2B193A4B}
		{0017FE7E-0A45-4AC8-917E-54C2C489D802} = {9C23AAAA-9125-41D6-B61F-C02E2B193A4B}
		{D291592C-D203-45AB-8506-1FFF3C7505EF} = {9C23AAAA-9125-41D6-B61F-C02E2B193A4B}
		{F8F0BFCF-3FEA-4C84-A0B5-AFD58571FE44} = {9C23AAAA-9125-41D6-B61F-C02E2B193A4B}
		{2C1AE868-B1EE-4FD2-B103-5410003A3D72} = {9C23AAAA-9125-41D6-B61F-C02E2B193A4B}
		{45F3D3AE-343F-408F-8292-06282DF852E6} = {9C23AAAA-9125-41D6-B61F-C02E2B193A4B}
		{99BBE8AC-A0BA-422D-8658-EE0881BC4FA4} = {9C23AAAA-9125-41D6-B61F-C02E2B193A4B}
		{3FC97B19-EA71-482B-9E7F-122314501E23} = {9C23AAAA-9125-41D6-B61F-C02E2B193A4B}
		{3E09FCA7-92AE-46D1-9CC0-C892C2B25E64} = {9C23AAAA-9125-41D6-B61F-C02E2B193A4B}
		{00C7A5FA-CD04-478E-8917-49AEE8DEBAD7} = {9C23AAAA-9125-41D6-B61F-C02E2B193A4B}
		{6682B2B8-D070-4E25-9113-C9CFC87F0C40} = {9C23AAAA-9125-41D6-B61F-C02E2B193A4B}
		{2BDFF1A9-D710-4C23-BA11-C41EB06E80F9} = {9C23AAAA-9125-41D6-B61F-C02E2B193A4B}
		{5A7AA14C-9716-482C-A83A-0E43552D9226} = {9C23AAAA-9125-41D6-B61F-C02E2B193A4B}
		{926E7983-D6AF-46CD-A892-284518D97688} = {9C23AAAA-9125-41D6-B61F-C02E2B193A4B}
		{3805A5D6-4CD3-4D78-8276-B29A8ECB0C7F} = {9C23AAAA-9125-41D6-B61F-C02E2B193A4B}
		{3B67C8CA-B179-442B-8A65-90BF82F0E1A3} = {9C23AAAA-9125-41D6-B61F-C02E2B193A4B}
		{B66BD746-1CA7-49CD-8724-20E3F624BA69} = {9C23AAAA-9125-41D6-B61F-C02E2B193A4B}
		{685DD86E-526A-4C37-B4CC-51BDCCE1B74B} = {9C23AAAA-9125-41D6-B61F-C02E2B193A4B}
	EndGlobalSection
	GlobalSection(ExtensibilityGlobals) = postSolution
		SolutionGuid = {B0443586-50B6-4422-982C-29325D6F5613}
	EndGlobalSection
EndGlobal
